
Microsoft Visual Studio Solution File, Format Version 12.00
# Visual Studio Version 17
VisualStudioVersion = 17.14.36414.22 d17.14
MinimumVisualStudioVersion = 10.0.40219.1
Project("{FAE04EC0-301F-11D3-BF4B-00C04F79EFBC}") = "dungeon-slime", "dungeon-slime\dungeon-slime.csproj", "{5C698AEA-76F3-4F8E-9F6C-93A3BC8ABF4A}"
EndProject
Project("{FAE04EC0-301F-11D3-BF4B-00C04F79EFBC}") = "MonoGameLibrary", "MonoGameLibrary\MonoGameLibrary.csproj", "{66990F43-D919-44A6-9CCB-CE0955EAB48E}"
EndProject
Global
	GlobalSection(SolutionConfigurationPlatforms) = preSolution
		Debug|Any CPU = Debug|Any CPU
		Release|Any CPU = Release|Any CPU
	EndGlobalSection
	GlobalSection(ProjectConfigurationPlatforms) = postSolution
		{5C698AEA-76F3-4F8E-9F6C-93A3BC8ABF4A}.Debug|Any CPU.ActiveCfg = Debug|Any CPU
		{5C698AEA-76F3-4F8E-9F6C-93A3BC8ABF4A}.Debug|Any CPU.Build.0 = Debug|Any CPU
		{5C698AEA-76F3-4F8E-9F6C-93A3BC8ABF4A}.Release|Any CPU.ActiveCfg = Release|Any CPU
		{5C698AEA-76F3-4F8E-9F6C-93A3BC8ABF4A}.Release|Any CPU.Build.0 = Release|Any CPU
		{66990F43-D919-44A6-9CCB-CE0955EAB48E}.Debug|Any CPU.ActiveCfg = Debug|Any CPU
		{66990F43-D919-44A6-9CCB-CE0955EAB48E}.Debug|Any CPU.Build.0 = Debug|Any CPU
		{66990F43-D919-44A6-9CCB-CE0955EAB48E}.Release|Any CPU.ActiveCfg = Release|Any CPU
		{66990F43-D919-44A6-9CCB-CE0955EAB48E}.Release|Any CPU.Build.0 = Release|Any CPU
	EndGlobalSection
	GlobalSection(SolutionProperties) = preSolution
		HideSolutionNode = FALSE
	EndGlobalSection
	GlobalSection(ExtensibilityGlobals) = postSolution
		SolutionGuid = {7F074C84-4DB8-41A0-92BB-C6CBC261850C}
	EndGlobalSection
EndGlobal
